// !$*UTF8*$!
{
	archiveVersion = 1;
	classes = {
	};
	objectVersion = 52;
	objects = {

/* Begin PBXBuildFile section */
		CD0B216726B05EEF00D9E548 /* BeerTableViewCell.swift in Sources */ = {isa = PBXBuildFile; fileRef = CD0B216626B05EEF00D9E548 /* BeerTableViewCell.swift */; };
		CD117E4826B1523900D00912 /* Proxy.swift in Sources */ = {isa = PBXBuildFile; fileRef = CD117E4726B1523900D00912 /* Proxy.swift */; };
		CD117E4D26B1881900D00912 /* DetailBeerViewController.swift in Sources */ = {isa = PBXBuildFile; fileRef = CD117E4C26B1881900D00912 /* DetailBeerViewController.swift */; };
		CD117E5026B1883000D00912 /* DetailBeerViewModel.swift in Sources */ = {isa = PBXBuildFile; fileRef = CD117E4F26B1883000D00912 /* DetailBeerViewModel.swift */; };
		CD36A66826B04B6F00E0460C /* AppDelegate.swift in Sources */ = {isa = PBXBuildFile; fileRef = CD36A66726B04B6F00E0460C /* AppDelegate.swift */; };
		CD36A66A26B04B6F00E0460C /* SceneDelegate.swift in Sources */ = {isa = PBXBuildFile; fileRef = CD36A66926B04B6F00E0460C /* SceneDelegate.swift */; };
		CD36A66C26B04B6F00E0460C /* BeerListViewController.swift in Sources */ = {isa = PBXBuildFile; fileRef = CD36A66B26B04B6F00E0460C /* BeerListViewController.swift */; };
		CD36A66F26B04B6F00E0460C /* Main.storyboard in Resources */ = {isa = PBXBuildFile; fileRef = CD36A66D26B04B6F00E0460C /* Main.storyboard */; };
		CD36A67426B04B7000E0460C /* LaunchScreen.storyboard in Resources */ = {isa = PBXBuildFile; fileRef = CD36A67226B04B7000E0460C /* LaunchScreen.storyboard */; };
		CD37CB6926B736A200CE58C6 /* Assets.xcassets in Resources */ = {isa = PBXBuildFile; fileRef = CD37CB6826B736A200CE58C6 /* Assets.xcassets */; };
		CDF1F92126B04E6D00510557 /* BeerListViewModel.swift in Sources */ = {isa = PBXBuildFile; fileRef = CDF1F92026B04E6D00510557 /* BeerListViewModel.swift */; };
		CDF1F92426B04F8000510557 /* NetworkManager.swift in Sources */ = {isa = PBXBuildFile; fileRef = CDF1F92326B04F8000510557 /* NetworkManager.swift */; };
		CDF1F92826B0506000510557 /* SnapKit in Frameworks */ = {isa = PBXBuildFile; productRef = CDF1F92726B0506000510557 /* SnapKit */; };
		CDF1F92C26B050C000510557 /* Alamofire in Frameworks */ = {isa = PBXBuildFile; productRef = CDF1F92B26B050C000510557 /* Alamofire */; };
		CDF1F93026B050FB00510557 /* RxCocoa in Frameworks */ = {isa = PBXBuildFile; productRef = CDF1F92F26B050FB00510557 /* RxCocoa */; };
		CDF1F93226B050FB00510557 /* RxSwift in Frameworks */ = {isa = PBXBuildFile; productRef = CDF1F93126B050FB00510557 /* RxSwift */; };
		CDF1F93526B0514D00510557 /* Builder.swift in Sources */ = {isa = PBXBuildFile; fileRef = CDF1F93426B0514D00510557 /* Builder.swift */; };
		CDF1F93826B0555A00510557 /* Beer.swift in Sources */ = {isa = PBXBuildFile; fileRef = CDF1F93726B0555A00510557 /* Beer.swift */; };
/* End PBXBuildFile section */

/* Begin PBXFileReference section */
		CD0B216626B05EEF00D9E548 /* BeerTableViewCell.swift */ = {isa = PBXFileReference; lastKnownFileType = sourcecode.swift; path = BeerTableViewCell.swift; sourceTree = "<group>"; };
		CD117E4726B1523900D00912 /* Proxy.swift */ = {isa = PBXFileReference; lastKnownFileType = sourcecode.swift; path = Proxy.swift; sourceTree = "<group>"; };
		CD117E4C26B1881900D00912 /* DetailBeerViewController.swift */ = {isa = PBXFileReference; lastKnownFileType = sourcecode.swift; path = DetailBeerViewController.swift; sourceTree = "<group>"; };
		CD117E4F26B1883000D00912 /* DetailBeerViewModel.swift */ = {isa = PBXFileReference; lastKnownFileType = sourcecode.swift; path = DetailBeerViewModel.swift; sourceTree = "<group>"; };
		CD36A66426B04B6F00E0460C /* TestTaskForZorrro.app */ = {isa = PBXFileReference; explicitFileType = wrapper.application; includeInIndex = 0; path = TestTaskForZorrro.app; sourceTree = BUILT_PRODUCTS_DIR; };
		CD36A66726B04B6F00E0460C /* AppDelegate.swift */ = {isa = PBXFileReference; lastKnownFileType = sourcecode.swift; path = AppDelegate.swift; sourceTree = "<group>"; };
		CD36A66926B04B6F00E0460C /* SceneDelegate.swift */ = {isa = PBXFileReference; lastKnownFileType = sourcecode.swift; path = SceneDelegate.swift; sourceTree = "<group>"; };
		CD36A66B26B04B6F00E0460C /* BeerListViewController.swift */ = {isa = PBXFileReference; lastKnownFileType = sourcecode.swift; path = BeerListViewController.swift; sourceTree = "<group>"; };
		CD36A66E26B04B6F00E0460C /* Base */ = {isa = PBXFileReference; lastKnownFileType = file.storyboard; name = Base; path = Base.lproj/Main.storyboard; sourceTree = "<group>"; };
		CD36A67326B04B7000E0460C /* Base */ = {isa = PBXFileReference; lastKnownFileType = file.storyboard; name = Base; path = Base.lproj/LaunchScreen.storyboard; sourceTree = "<group>"; };
		CD36A67526B04B7000E0460C /* Info.plist */ = {isa = PBXFileReference; lastKnownFileType = text.plist.xml; path = Info.plist; sourceTree = "<group>"; };
		CD37CB6826B736A200CE58C6 /* Assets.xcassets */ = {isa = PBXFileReference; lastKnownFileType = folder.assetcatalog; path = Assets.xcassets; sourceTree = "<group>"; };
		CDF1F92026B04E6D00510557 /* BeerListViewModel.swift */ = {isa = PBXFileReference; lastKnownFileType = sourcecode.swift; path = BeerListViewModel.swift; sourceTree = "<group>"; };
		CDF1F92326B04F8000510557 /* NetworkManager.swift */ = {isa = PBXFileReference; lastKnownFileType = sourcecode.swift; path = NetworkManager.swift; sourceTree = "<group>"; };
		CDF1F93426B0514D00510557 /* Builder.swift */ = {isa = PBXFileReference; lastKnownFileType = sourcecode.swift; path = Builder.swift; sourceTree = "<group>"; };
		CDF1F93726B0555A00510557 /* Beer.swift */ = {isa = PBXFileReference; lastKnownFileType = sourcecode.swift; path = Beer.swift; sourceTree = "<group>"; };
/* End PBXFileReference section */

/* Begin PBXFrameworksBuildPhase section */
		CD36A66126B04B6F00E0460C /* Frameworks */ = {
			isa = PBXFrameworksBuildPhase;
			buildActionMask = 2147483647;
			files = (
				CDF1F93026B050FB00510557 /* RxCocoa in Frameworks */,
				CDF1F92826B0506000510557 /* SnapKit in Frameworks */,
				CDF1F93226B050FB00510557 /* RxSwift in Frameworks */,
				CDF1F92C26B050C000510557 /* Alamofire in Frameworks */,
			);
			runOnlyForDeploymentPostprocessing = 0;
		};
/* End PBXFrameworksBuildPhase section */

/* Begin PBXGroup section */
		CD117E4326B13ECE00D00912 /* View */ = {
			isa = PBXGroup;
			children = (
				CD36A66B26B04B6F00E0460C /* BeerListViewController.swift */,
				CD0B216626B05EEF00D9E548 /* BeerTableViewCell.swift */,
			);
			path = View;
			sourceTree = "<group>";
		};
		CD117E4426B13EDC00D00912 /* ViewModel */ = {
			isa = PBXGroup;
			children = (
				CDF1F92026B04E6D00510557 /* BeerListViewModel.swift */,
			);
			path = ViewModel;
			sourceTree = "<group>";
		};
		CD117E4526B13EEC00D00912 /* Model */ = {
			isa = PBXGroup;
			children = (
				CDF1F93726B0555A00510557 /* Beer.swift */,
			);
			path = Model;
			sourceTree = "<group>";
		};
		CD117E4A26B187DA00D00912 /* DetailBeerViewController */ = {
			isa = PBXGroup;
			children = (
				CD117E4C26B1881900D00912 /* DetailBeerViewController.swift */,
				CD117E4F26B1883000D00912 /* DetailBeerViewModel.swift */,
			);
			path = DetailBeerViewController;
			sourceTree = "<group>";
		};
		CD36A65B26B04B6F00E0460C = {
			isa = PBXGroup;
			children = (
				CD36A66626B04B6F00E0460C /* TestTaskForZorrro */,
				CD36A66526B04B6F00E0460C /* Products */,
			);
			sourceTree = "<group>";
		};
		CD36A66526B04B6F00E0460C /* Products */ = {
			isa = PBXGroup;
			children = (
				CD36A66426B04B6F00E0460C /* TestTaskForZorrro.app */,
			);
			name = Products;
			sourceTree = "<group>";
		};
		CD36A66626B04B6F00E0460C /* TestTaskForZorrro */ = {
			isa = PBXGroup;
			children = (
				CD36A66726B04B6F00E0460C /* AppDelegate.swift */,
				CD36A66926B04B6F00E0460C /* SceneDelegate.swift */,
				CDF1F92326B04F8000510557 /* NetworkManager.swift */,
				CDF1F93426B0514D00510557 /* Builder.swift */,
				CD117E4726B1523900D00912 /* Proxy.swift */,
				CDF1F91F26B04DF400510557 /* BeerListViewController */,
				CD117E4A26B187DA00D00912 /* DetailBeerViewController */,
				CD37CB6826B736A200CE58C6 /* Assets.xcassets */,
				CD36A66D26B04B6F00E0460C /* Main.storyboard */,
				CD36A67226B04B7000E0460C /* LaunchScreen.storyboard */,
				CD36A67526B04B7000E0460C /* Info.plist */,
			);
			path = TestTaskForZorrro;
			sourceTree = "<group>";
		};
		CDF1F91F26B04DF400510557 /* BeerListViewController */ = {
			isa = PBXGroup;
			children = (
				CD117E4326B13ECE00D00912 /* View */,
				CD117E4426B13EDC00D00912 /* ViewModel */,
				CD117E4526B13EEC00D00912 /* Model */,
			);
			path = BeerListViewController;
			sourceTree = "<group>";
		};
/* End PBXGroup section */

/* Begin PBXNativeTarget section */
		CD36A66326B04B6F00E0460C /* TestTaskForZorrro */ = {
			isa = PBXNativeTarget;
			buildConfigurationList = CD36A67826B04B7000E0460C /* Build configuration list for PBXNativeTarget "TestTaskForZorrro" */;
			buildPhases = (
				CD36A66026B04B6F00E0460C /* Sources */,
				CD36A66126B04B6F00E0460C /* Frameworks */,
				CD36A66226B04B6F00E0460C /* Resources */,
			);
			buildRules = (
			);
			dependencies = (
			);
			name = TestTaskForZorrro;
			packageProductDependencies = (
				CDF1F92726B0506000510557 /* SnapKit */,
				CDF1F92B26B050C000510557 /* Alamofire */,
				CDF1F92F26B050FB00510557 /* RxCocoa */,
				CDF1F93126B050FB00510557 /* RxSwift */,
			);
			productName = TestTaskForZorrro;
			productReference = CD36A66426B04B6F00E0460C /* TestTaskForZorrro.app */;
			productType = "com.apple.product-type.application";
		};
/* End PBXNativeTarget section */

/* Begin PBXProject section */
		CD36A65C26B04B6F00E0460C /* Project object */ = {
			isa = PBXProject;
			attributes = {
				LastSwiftUpdateCheck = 1200;
				LastUpgradeCheck = 1200;
				TargetAttributes = {
					CD36A66326B04B6F00E0460C = {
						CreatedOnToolsVersion = 12.0.1;
					};
				};
			};
			buildConfigurationList = CD36A65F26B04B6F00E0460C /* Build configuration list for PBXProject "TestTaskForZorrro" */;
			compatibilityVersion = "Xcode 9.3";
			developmentRegion = en;
			hasScannedForEncodings = 0;
			knownRegions = (
				en,
				Base,
			);
			mainGroup = CD36A65B26B04B6F00E0460C;
			packageReferences = (
				CDF1F92626B0506000510557 /* XCRemoteSwiftPackageReference "SnapKit" */,
				CDF1F92A26B050C000510557 /* XCRemoteSwiftPackageReference "Alamofire" */,
				CDF1F92E26B050FB00510557 /* XCRemoteSwiftPackageReference "RxSwift" */,
			);
			productRefGroup = CD36A66526B04B6F00E0460C /* Products */;
			projectDirPath = "";
			projectRoot = "";
			targets = (
				CD36A66326B04B6F00E0460C /* TestTaskForZorrro */,
			);
		};
/* End PBXProject section */

/* Begin PBXResourcesBuildPhase section */
		CD36A66226B04B6F00E0460C /* Resources */ = {
			isa = PBXResourcesBuildPhase;
			buildActionMask = 2147483647;
			files = (
				CD36A67426B04B7000E0460C /* LaunchScreen.storyboard in Resources */,
				CD37CB6926B736A200CE58C6 /* Assets.xcassets in Resources */,
				CD36A66F26B04B6F00E0460C /* Main.storyboard in Resources */,
			);
			runOnlyForDeploymentPostprocessing = 0;
		};
/* End PBXResourcesBuildPhase section */

/* Begin PBXSourcesBuildPhase section */
		CD36A66026B04B6F00E0460C /* Sources */ = {
			isa = PBXSourcesBuildPhase;
			buildActionMask = 2147483647;
			files = (
				CDF1F92126B04E6D00510557 /* BeerListViewModel.swift in Sources */,
				CD117E4826B1523900D00912 /* Proxy.swift in Sources */,
				CD36A66C26B04B6F00E0460C /* BeerListViewController.swift in Sources */,
				CDF1F92426B04F8000510557 /* NetworkManager.swift in Sources */,
				CD117E5026B1883000D00912 /* DetailBeerViewModel.swift in Sources */,
				CD0B216726B05EEF00D9E548 /* BeerTableViewCell.swift in Sources */,
				CD117E4D26B1881900D00912 /* DetailBeerViewController.swift in Sources */,
				CD36A66826B04B6F00E0460C /* AppDelegate.swift in Sources */,
				CD36A66A26B04B6F00E0460C /* SceneDelegate.swift in Sources */,
				CDF1F93826B0555A00510557 /* Beer.swift in Sources */,
				CDF1F93526B0514D00510557 /* Builder.swift in Sources */,
			);
			runOnlyForDeploymentPostprocessing = 0;
		};
/* End PBXSourcesBuildPhase section */

/* Begin PBXVariantGroup section */
		CD36A66D26B04B6F00E0460C /* Main.storyboard */ = {
			isa = PBXVariantGroup;
			children = (
				CD36A66E26B04B6F00E0460C /* Base */,
			);
			name = Main.storyboard;
			sourceTree = "<group>";
		};
		CD36A67226B04B7000E0460C /* LaunchScreen.storyboard */ = {
			isa = PBXVariantGroup;
			children = (
				CD36A67326B04B7000E0460C /* Base */,
			);
			name = LaunchScreen.storyboard;
			sourceTree = "<group>";
		};
/* End PBXVariantGroup section */

/* Begin XCBuildConfiguration section */
		CD36A67626B04B7000E0460C /* Debug */ = {
			isa = XCBuildConfiguration;
			buildSettings = {
				ALWAYS_SEARCH_USER_PATHS = NO;
				CLANG_ANALYZER_NONNULL = YES;
				CLANG_ANALYZER_NUMBER_OBJECT_CONVERSION = YES_AGGRESSIVE;
				CLANG_CXX_LANGUAGE_STANDARD = "gnu++14";
				CLANG_CXX_LIBRARY = "libc++";
				CLANG_ENABLE_MODULES = YES;
				CLANG_ENABLE_OBJC_ARC = YES;
				CLANG_ENABLE_OBJC_WEAK = YES;
				CLANG_WARN_BLOCK_CAPTURE_AUTORELEASING = YES;
				CLANG_WARN_BOOL_CONVERSION = YES;
				CLANG_WARN_COMMA = YES;
				CLANG_WARN_CONSTANT_CONVERSION = YES;
				CLANG_WARN_DEPRECATED_OBJC_IMPLEMENTATIONS = YES;
				CLANG_WARN_DIRECT_OBJC_ISA_USAGE = YES_ERROR;
				CLANG_WARN_DOCUMENTATION_COMMENTS = YES;
				CLANG_WARN_EMPTY_BODY = YES;
				CLANG_WARN_ENUM_CONVERSION = YES;
				CLANG_WARN_INFINITE_RECURSION = YES;
				CLANG_WARN_INT_CONVERSION = YES;
				CLANG_WARN_NON_LITERAL_NULL_CONVERSION = YES;
				CLANG_WARN_OBJC_IMPLICIT_RETAIN_SELF = YES;
				CLANG_WARN_OBJC_LITERAL_CONVERSION = YES;
				CLANG_WARN_OBJC_ROOT_CLASS = YES_ERROR;
				CLANG_WARN_QUOTED_INCLUDE_IN_FRAMEWORK_HEADER = YES;
				CLANG_WARN_RANGE_LOOP_ANALYSIS = YES;
				CLANG_WARN_STRICT_PROTOTYPES = YES;
				CLANG_WARN_SUSPICIOUS_MOVE = YES;
				CLANG_WARN_UNGUARDED_AVAILABILITY = YES_AGGRESSIVE;
				CLANG_WARN_UNREACHABLE_CODE = YES;
				CLANG_WARN__DUPLICATE_METHOD_MATCH = YES;
				COPY_PHASE_STRIP = NO;
				DEBUG_INFORMATION_FORMAT = dwarf;
				ENABLE_STRICT_OBJC_MSGSEND = YES;
				ENABLE_TESTABILITY = YES;
				GCC_C_LANGUAGE_STANDARD = gnu11;
				GCC_DYNAMIC_NO_PIC = NO;
				GCC_NO_COMMON_BLOCKS = YES;
				GCC_OPTIMIZATION_LEVEL = 0;
				GCC_PREPROCESSOR_DEFINITIONS = (
					"DEBUG=1",
					"$(inherited)",
				);
				GCC_WARN_64_TO_32_BIT_CONVERSION = YES;
				GCC_WARN_ABOUT_RETURN_TYPE = YES_ERROR;
				GCC_WARN_UNDECLARED_SELECTOR = YES;
				GCC_WARN_UNINITIALIZED_AUTOS = YES_AGGRESSIVE;
				GCC_WARN_UNUSED_FUNCTION = YES;
				GCC_WARN_UNUSED_VARIABLE = YES;
				IPHONEOS_DEPLOYMENT_TARGET = 14.0;
				MTL_ENABLE_DEBUG_INFO = INCLUDE_SOURCE;
				MTL_FAST_MATH = YES;
				ONLY_ACTIVE_ARCH = YES;
				SDKROOT = iphoneos;
				SWIFT_ACTIVE_COMPILATION_CONDITIONS = DEBUG;
				SWIFT_OPTIMIZATION_LEVEL = "-Onone";
			};
			name = Debug;
		};
		CD36A67726B04B7000E0460C /* Release */ = {
			isa = XCBuildConfiguration;
			buildSettings = {
				ALWAYS_SEARCH_USER_PATHS = NO;
				CLANG_ANALYZER_NONNULL = YES;
				CLANG_ANALYZER_NUMBER_OBJECT_CONVERSION = YES_AGGRESSIVE;
				CLANG_CXX_LANGUAGE_STANDARD = "gnu++14";
				CLANG_CXX_LIBRARY = "libc++";
				CLANG_ENABLE_MODULES = YES;
				CLANG_ENABLE_OBJC_ARC = YES;
				CLANG_ENABLE_OBJC_WEAK = YES;
				CLANG_WARN_BLOCK_CAPTURE_AUTORELEASING = YES;
				CLANG_WARN_BOOL_CONVERSION = YES;
				CLANG_WARN_COMMA = YES;
				CLANG_WARN_CONSTANT_CONVERSION = YES;
				CLANG_WARN_DEPRECATED_OBJC_IMPLEMENTATIONS = YES;
				CLANG_WARN_DIRECT_OBJC_ISA_USAGE = YES_ERROR;
				CLANG_WARN_DOCUMENTATION_COMMENTS = YES;
				CLANG_WARN_EMPTY_BODY = YES;
				CLANG_WARN_ENUM_CONVERSION = YES;
				CLANG_WARN_INFINITE_RECURSION = YES;
				CLANG_WARN_INT_CONVERSION = YES;
				CLANG_WARN_NON_LITERAL_NULL_CONVERSION = YES;
				CLANG_WARN_OBJC_IMPLICIT_RETAIN_SELF = YES;
				CLANG_WARN_OBJC_LITERAL_CONVERSION = YES;
				CLANG_WARN_OBJC_ROOT_CLASS = YES_ERROR;
				CLANG_WARN_QUOTED_INCLUDE_IN_FRAMEWORK_HEADER = YES;
				CLANG_WARN_RANGE_LOOP_ANALYSIS = YES;
				CLANG_WARN_STRICT_PROTOTYPES = YES;
				CLANG_WARN_SUSPICIOUS_MOVE = YES;
				CLANG_WARN_UNGUARDED_AVAILABILITY = YES_AGGRESSIVE;
				CLANG_WARN_UNREACHABLE_CODE = YES;
				CLANG_WARN__DUPLICATE_METHOD_MATCH = YES;
				COPY_PHASE_STRIP = NO;
				DEBUG_INFORMATION_FORMAT = "dwarf-with-dsym";
				ENABLE_NS_ASSERTIONS = NO;
				ENABLE_STRICT_OBJC_MSGSEND = YES;
				GCC_C_LANGUAGE_STANDARD = gnu11;
				GCC_NO_COMMON_BLOCKS = YES;
				GCC_WARN_64_TO_32_BIT_CONVERSION = YES;
				GCC_WARN_ABOUT_RETURN_TYPE = YES_ERROR;
				GCC_WARN_UNDECLARED_SELECTOR = YES;
				GCC_WARN_UNINITIALIZED_AUTOS = YES_AGGRESSIVE;
				GCC_WARN_UNUSED_FUNCTION = YES;
				GCC_WARN_UNUSED_VARIABLE = YES;
				IPHONEOS_DEPLOYMENT_TARGET = 14.0;
				MTL_ENABLE_DEBUG_INFO = NO;
				MTL_FAST_MATH = YES;
				SDKROOT = iphoneos;
				SWIFT_COMPILATION_MODE = wholemodule;
				SWIFT_OPTIMIZATION_LEVEL = "-O";
				VALIDATE_PRODUCT = YES;
			};
			name = Release;
		};
		CD36A67926B04B7000E0460C /* Debug */ = {
			isa = XCBuildConfiguration;
			buildSettings = {
				ASSETCATALOG_COMPILER_APPICON_NAME = AppIcon;
				ASSETCATALOG_COMPILER_GLOBAL_ACCENT_COLOR_NAME = AccentColor;
				CODE_SIGN_STYLE = Automatic;
				DEVELOPMENT_TEAM = 23S3F2VT55;
				INFOPLIST_FILE = TestTaskForZorrro/Info.plist;
				LD_RUNPATH_SEARCH_PATHS = (
					"$(inherited)",
					"@executable_path/Frameworks",
				);
				PRODUCT_BUNDLE_IDENTIFIER = VB.TestTaskForZorrro;
				PRODUCT_NAME = "$(TARGET_NAME)";
				SWIFT_VERSION = 5.0;
				TARGETED_DEVICE_FAMILY = "1,2";
			};
			name = Debug;
		};
		CD36A67A26B04B7000E0460C /* Release */ = {
			isa = XCBuildConfiguration;
			buildSettings = {
				ASSETCATALOG_COMPILER_APPICON_NAME = AppIcon;
				ASSETCATALOG_COMPILER_GLOBAL_ACCENT_COLOR_NAME = AccentColor;
				CODE_SIGN_STYLE = Automatic;
				DEVELOPMENT_TEAM = 23S3F2VT55;
				INFOPLIST_FILE = TestTaskForZorrro/Info.plist;
				LD_RUNPATH_SEARCH_PATHS = (
					"$(inherited)",
					"@executable_path/Frameworks",
				);
				PRODUCT_BUNDLE_IDENTIFIER = VB.TestTaskForZorrro;
				PRODUCT_NAME = "$(TARGET_NAME)";
				SWIFT_VERSION = 5.0;
				TARGETED_DEVICE_FAMILY = "1,2";
			};
			name = Release;
		};
/* End XCBuildConfiguration section */

/* Begin XCConfigurationList section */
		CD36A65F26B04B6F00E0460C /* Build configuration list for PBXProject "TestTaskForZorrro" */ = {
			isa = XCConfigurationList;
			buildConfigurations = (
				CD36A67626B04B7000E0460C /* Debug */,
				CD36A67726B04B7000E0460C /* Release */,
			);
			defaultConfigurationIsVisible = 0;
			defaultConfigurationName = Release;
		};
		CD36A67826B04B7000E0460C /* Build configuration list for PBXNativeTarget "TestTaskForZorrro" */ = {
			isa = XCConfigurationList;
			buildConfigurations = (
				CD36A67926B04B7000E0460C /* Debug */,
				CD36A67A26B04B7000E0460C /* Release */,
			);
			defaultConfigurationIsVisible = 0;
			defaultConfigurationName = Release;
		};
/* End XCConfigurationList section */

/* Begin XCRemoteSwiftPackageReference section */
		CDF1F92626B0506000510557 /* XCRemoteSwiftPackageReference "SnapKit" */ = {
			isa = XCRemoteSwiftPackageReference;
			repositoryURL = "https://github.com/SnapKit/SnapKit";
			requirement = {
				kind = upToNextMajorVersion;
				minimumVersion = 5.0.1;
			};
		};
		CDF1F92A26B050C000510557 /* XCRemoteSwiftPackageReference "Alamofire" */ = {
			isa = XCRemoteSwiftPackageReference;
			repositoryURL = "https://github.com/Alamofire/Alamofire";
			requirement = {
				kind = upToNextMajorVersion;
				minimumVersion = 5.4.3;
			};
		};
		CDF1F92E26B050FB00510557 /* XCRemoteSwiftPackageReference "RxSwift" */ = {
			isa = XCRemoteSwiftPackageReference;
			repositoryURL = "https://github.com/ReactiveX/RxSwift";
			requirement = {
				kind = upToNextMajorVersion;
				minimumVersion = 6.2.0;
			};
		};
/* End XCRemoteSwiftPackageReference section */

/* Begin XCSwiftPackageProductDependency section */
		CDF1F92726B0506000510557 /* SnapKit */ = {
			isa = XCSwiftPackageProductDependency;
			package = CDF1F92626B0506000510557 /* XCRemoteSwiftPackageReference "SnapKit" */;
			productName = SnapKit;
		};
		CDF1F92B26B050C000510557 /* Alamofire */ = {
			isa = XCSwiftPackageProductDependency;
			package = CDF1F92A26B050C000510557 /* XCRemoteSwiftPackageReference "Alamofire" */;
			productName = Alamofire;
		};
		CDF1F92F26B050FB00510557 /* RxCocoa */ = {
			isa = XCSwiftPackageProductDependency;
			package = CDF1F92E26B050FB00510557 /* XCRemoteSwiftPackageReference "RxSwift" */;
			productName = RxCocoa;
		};
		CDF1F93126B050FB00510557 /* RxSwift */ = {
			isa = XCSwiftPackageProductDependency;
			package = CDF1F92E26B050FB00510557 /* XCRemoteSwiftPackageReference "RxSwift" */;
			productName = RxSwift;
		};
/* End XCSwiftPackageProductDependency section */
	};
	rootObject = CD36A65C26B04B6F00E0460C /* Project object */;
}
